
Microsoft Visual Studio Solution File, Format Version 12.00
# Visual Studio 15
VisualStudioVersion = 15.0.28307.271
MinimumVisualStudioVersion = 10.0.40219.1
Project("{9A19103F-16F7-4668-BE54-9A1E7A4F7556}") = "CommunityPulse", "CommunityPulse\CommunityPulse.csproj", "{D3C4E53A-F0C7-490B-A684-D6C96374E3D1}"
EndProject
Project("{FAE04EC0-301F-11D3-BF4B-00C04F79EFBC}") = "CommunityPulse.Infrastructure", "CommunityPulse.Infrastructure\CommunityPulse.Infrastructure.csproj", "{F92204C5-08D5-4262-9E13-AA38341AC0D5}"
EndProject
Project("{FAE04EC0-301F-11D3-BF4B-00C04F79EFBC}") = "CommunityPulse.Tests", "CommunityPulse.Tests\CommunityPulse.Tests.csproj", "{6C6CE21E-97C8-447A-81BC-41B9A4152563}"
EndProject
Global
	GlobalSection(SolutionConfigurationPlatforms) = preSolution
		Debug|Any CPU = Debug|Any CPU
		Release|Any CPU = Release|Any CPU
	EndGlobalSection
	GlobalSection(ProjectConfigurationPlatforms) = postSolution
		{D3C4E53A-F0C7-490B-A684-D6C96374E3D1}.Debug|Any CPU.ActiveCfg = Debug|Any CPU
		{D3C4E53A-F0C7-490B-A684-D6C96374E3D1}.Debug|Any CPU.Build.0 = Debug|Any CPU
		{D3C4E53A-F0C7-490B-A684-D6C96374E3D1}.Release|Any CPU.ActiveCfg = Release|Any CPU
		{D3C4E53A-F0C7-490B-A684-D6C96374E3D1}.Release|Any CPU.Build.0 = Release|Any CPU
		{F92204C5-08D5-4262-9E13-AA38341AC0D5}.Debug|Any CPU.ActiveCfg = Debug|Any CPU
		{F92204C5-08D5-4262-9E13-AA38341AC0D5}.Debug|Any CPU.Build.0 = Debug|Any CPU
		{F92204C5-08D5-4262-9E13-AA38341AC0D5}.Release|Any CPU.ActiveCfg = Release|Any CPU
		{F92204C5-08D5-4262-9E13-AA38341AC0D5}.Release|Any CPU.Build.0 = Release|Any CPU
		{6C6CE21E-97C8-447A-81BC-41B9A4152563}.Debug|Any CPU.ActiveCfg = Debug|Any CPU
		{6C6CE21E-97C8-447A-81BC-41B9A4152563}.Debug|Any CPU.Build.0 = Debug|Any CPU
		{6C6CE21E-97C8-447A-81BC-41B9A4152563}.Release|Any CPU.ActiveCfg = Release|Any CPU
		{6C6CE21E-97C8-447A-81BC-41B9A4152563}.Release|Any CPU.Build.0 = Release|Any CPU
	EndGlobalSection
	GlobalSection(SolutionProperties) = preSolution
		HideSolutionNode = FALSE
	EndGlobalSection
	GlobalSection(ExtensibilityGlobals) = postSolution
		SolutionGuid = {D8788FEF-2E8E-46BB-9C77-1F928AD51FBA}
	EndGlobalSection
EndGlobal
