
Microsoft Visual Studio Solution File, Format Version 12.00
# Visual Studio 15
VisualStudioVersion = 15.0.28307.271
MinimumVisualStudioVersion = 10.0.40219.1
Project("{FAE04EC0-301F-11D3-BF4B-00C04F79EFBC}") = "CommunityPulse", "CommunityPulse\CommunityPulse.csproj", "{D3C4E53A-F0C7-490B-A684-D6C96374E3D1}"
EndProject
Global
	GlobalSection(SolutionConfigurationPlatforms) = preSolution
		Debug|Any CPU = Debug|Any CPU
		Release|Any CPU = Release|Any CPU
	EndGlobalSection
	GlobalSection(ProjectConfigurationPlatforms) = postSolution
		{D3C4E53A-F0C7-490B-A684-D6C96374E3D1}.Debug|Any CPU.ActiveCfg = Debug|Any CPU
		{D3C4E53A-F0C7-490B-A684-D6C96374E3D1}.Debug|Any CPU.Build.0 = Debug|Any CPU
		{D3C4E53A-F0C7-490B-A684-D6C96374E3D1}.Release|Any CPU.ActiveCfg = Release|Any CPU
		{D3C4E53A-F0C7-490B-A684-D6C96374E3D1}.Release|Any CPU.Build.0 = Release|Any CPU
	EndGlobalSection
	GlobalSection(SolutionProperties) = preSolution
		HideSolutionNode = FALSE
	EndGlobalSection
	GlobalSection(ExtensibilityGlobals) = postSolution
		SolutionGuid = {D8788FEF-2E8E-46BB-9C77-1F928AD51FBA}
	EndGlobalSection
EndGlobal
